// !$*UTF8*$!
{
	archiveVersion = 1;
	classes = {
	};
	objectVersion = 56;
	objects = {

/* Begin PBXBuildFile section */
		1D03C8FF29E6324100578244 /* ProfileImageService.swift in Sources */ = {isa = PBXBuildFile; fileRef = 1D03C8FE29E6324100578244 /* ProfileImageService.swift */; };
		1D03C90129E632C100578244 /* UserResult.swift in Sources */ = {isa = PBXBuildFile; fileRef = 1D03C90029E632C100578244 /* UserResult.swift */; };
		1D03C90429E7979400578244 /* Kingfisher in Frameworks */ = {isa = PBXBuildFile; productRef = 1D03C90329E7979400578244 /* Kingfisher */; };
		1D2064F929AB398E006D1684 /* AppDelegate.swift in Sources */ = {isa = PBXBuildFile; fileRef = 1D2064F829AB398E006D1684 /* AppDelegate.swift */; };
		1D2064FB29AB398E006D1684 /* SceneDelegate.swift in Sources */ = {isa = PBXBuildFile; fileRef = 1D2064FA29AB398E006D1684 /* SceneDelegate.swift */; };
		1D2064FD29AB398E006D1684 /* ImagesListViewController.swift in Sources */ = {isa = PBXBuildFile; fileRef = 1D2064FC29AB398E006D1684 /* ImagesListViewController.swift */; };
		1D20650029AB398E006D1684 /* Main.storyboard in Resources */ = {isa = PBXBuildFile; fileRef = 1D2064FE29AB398E006D1684 /* Main.storyboard */; };
		1D20650229AB398F006D1684 /* Assets.xcassets in Resources */ = {isa = PBXBuildFile; fileRef = 1D20650129AB398F006D1684 /* Assets.xcassets */; };
		1D20650529AB398F006D1684 /* LaunchScreen.storyboard in Resources */ = {isa = PBXBuildFile; fileRef = 1D20650329AB398F006D1684 /* LaunchScreen.storyboard */; };
		1D20650F29AC421F006D1684 /* ImagesListCell.swift in Sources */ = {isa = PBXBuildFile; fileRef = 1D20650E29AC421F006D1684 /* ImagesListCell.swift */; };
		1D20651129B62D79006D1684 /* ProfileViewController.swift in Sources */ = {isa = PBXBuildFile; fileRef = 1D20651029B62D79006D1684 /* ProfileViewController.swift */; };
		1D8A065029E4C44D007EC0A9 /* ProgressHUD in Frameworks */ = {isa = PBXBuildFile; productRef = 1D8A064F29E4C44D007EC0A9 /* ProgressHUD */; };
		1D8A065229E4DB05007EC0A9 /* UIBlockingProgressHUD.swift in Sources */ = {isa = PBXBuildFile; fileRef = 1D8A065129E4DB05007EC0A9 /* UIBlockingProgressHUD.swift */; };
		1D8A065429E4DFBD007EC0A9 /* ProfileService.swift in Sources */ = {isa = PBXBuildFile; fileRef = 1D8A065329E4DFBD007EC0A9 /* ProfileService.swift */; };
		1D8A065629E4E116007EC0A9 /* ProfileResult.swift in Sources */ = {isa = PBXBuildFile; fileRef = 1D8A065529E4E116007EC0A9 /* ProfileResult.swift */; };
		1D8A065829E4E29A007EC0A9 /* Profile.swift in Sources */ = {isa = PBXBuildFile; fileRef = 1D8A065729E4E29A007EC0A9 /* Profile.swift */; };
		1D8AB2F829C9CDA70041005B /* UIColor + Extensions.swift in Sources */ = {isa = PBXBuildFile; fileRef = 1D8AB2F729C9CDA70041005B /* UIColor + Extensions.swift */; };
		1DA007D129ECDAE80025B41E /* SwiftKeychainWrapper in Frameworks */ = {isa = PBXBuildFile; productRef = 1DA007D029ECDAE80025B41E /* SwiftKeychainWrapper */; };
		1DA007D429ECED5D0025B41E /* TabBarController.swift in Sources */ = {isa = PBXBuildFile; fileRef = 1DA007D329ECED5D0025B41E /* TabBarController.swift */; };
		1DA007D629F72D760025B41E /* ImageListService.swift in Sources */ = {isa = PBXBuildFile; fileRef = 1DA007D529F72D760025B41E /* ImageListService.swift */; };
		1DA007D829F72E3F0025B41E /* Photo.swift in Sources */ = {isa = PBXBuildFile; fileRef = 1DA007D729F72E3F0025B41E /* Photo.swift */; };
		1DA007DA29F732F50025B41E /* PhotoResult.swift in Sources */ = {isa = PBXBuildFile; fileRef = 1DA007D929F732F50025B41E /* PhotoResult.swift */; };
		1DC6166529D94FD60001C257 /* OAuthTokenResponseBody.swift in Sources */ = {isa = PBXBuildFile; fileRef = 1DC6166429D94FD60001C257 /* OAuthTokenResponseBody.swift */; };
		1DC6166829D951740001C257 /* OAuth2Service.swift in Sources */ = {isa = PBXBuildFile; fileRef = 1DC6166729D951740001C257 /* OAuth2Service.swift */; };
		1DC6166B29D96F410001C257 /* OAuth2TokenStorage.swift in Sources */ = {isa = PBXBuildFile; fileRef = 1DC6166A29D96F410001C257 /* OAuth2TokenStorage.swift */; };
		1DC6166E29D978BC0001C257 /* SplashViewController.swift in Sources */ = {isa = PBXBuildFile; fileRef = 1DC6166D29D978BC0001C257 /* SplashViewController.swift */; };
		1DC6835A29D1E00C00146D7E /* AuthConfiguration.swift in Sources */ = {isa = PBXBuildFile; fileRef = 1DC6835929D1E00C00146D7E /* AuthConfiguration.swift */; };
		1DC6835C29D264A300146D7E /* AuthViewController.swift in Sources */ = {isa = PBXBuildFile; fileRef = 1DC6835B29D264A300146D7E /* AuthViewController.swift */; };
		1DC6835F29D26ACF00146D7E /* WebViewViewController.swift in Sources */ = {isa = PBXBuildFile; fileRef = 1DC6835E29D26ACF00146D7E /* WebViewViewController.swift */; };
		1DE331E52A11EDDE002B1E51 /* WebViewPresenter.swift in Sources */ = {isa = PBXBuildFile; fileRef = 1DE331E42A11EDDE002B1E51 /* WebViewPresenter.swift */; };
		1DE331E72A12042E002B1E51 /* AuthHelper.swift in Sources */ = {isa = PBXBuildFile; fileRef = 1DE331E62A12042E002B1E51 /* AuthHelper.swift */; };
		1DE331EF2A120B4F002B1E51 /* WebViewTests.swift in Sources */ = {isa = PBXBuildFile; fileRef = 1DE331EE2A120B4F002B1E51 /* WebViewTests.swift */; };
		1DF8F0DA29BD9A1E008832EF /* SingleImageViewController.swift in Sources */ = {isa = PBXBuildFile; fileRef = 1DF8F0D929BD9A1E008832EF /* SingleImageViewController.swift */; };
/* End PBXBuildFile section */

/* Begin PBXContainerItemProxy section */
		1DE331F02A120B4F002B1E51 /* PBXContainerItemProxy */ = {
			isa = PBXContainerItemProxy;
			containerPortal = 1D2064ED29AB398E006D1684 /* Project object */;
			proxyType = 1;
			remoteGlobalIDString = 1D2064F429AB398E006D1684;
			remoteInfo = ImageFeed;
		};
/* End PBXContainerItemProxy section */

/* Begin PBXFileReference section */
		1D03C8FE29E6324100578244 /* ProfileImageService.swift */ = {isa = PBXFileReference; lastKnownFileType = sourcecode.swift; path = ProfileImageService.swift; sourceTree = "<group>"; };
		1D03C90029E632C100578244 /* UserResult.swift */ = {isa = PBXFileReference; lastKnownFileType = sourcecode.swift; path = UserResult.swift; sourceTree = "<group>"; };
		1D2064F529AB398E006D1684 /* ImageFeed.app */ = {isa = PBXFileReference; explicitFileType = wrapper.application; includeInIndex = 0; path = ImageFeed.app; sourceTree = BUILT_PRODUCTS_DIR; };
		1D2064F829AB398E006D1684 /* AppDelegate.swift */ = {isa = PBXFileReference; lastKnownFileType = sourcecode.swift; path = AppDelegate.swift; sourceTree = "<group>"; };
		1D2064FA29AB398E006D1684 /* SceneDelegate.swift */ = {isa = PBXFileReference; lastKnownFileType = sourcecode.swift; path = SceneDelegate.swift; sourceTree = "<group>"; };
		1D2064FC29AB398E006D1684 /* ImagesListViewController.swift */ = {isa = PBXFileReference; lastKnownFileType = sourcecode.swift; path = ImagesListViewController.swift; sourceTree = "<group>"; };
		1D2064FF29AB398E006D1684 /* Base */ = {isa = PBXFileReference; lastKnownFileType = file.storyboard; name = Base; path = Base.lproj/Main.storyboard; sourceTree = "<group>"; };
		1D20650129AB398F006D1684 /* Assets.xcassets */ = {isa = PBXFileReference; lastKnownFileType = folder.assetcatalog; path = Assets.xcassets; sourceTree = "<group>"; };
		1D20650429AB398F006D1684 /* Base */ = {isa = PBXFileReference; lastKnownFileType = file.storyboard; name = Base; path = Base.lproj/LaunchScreen.storyboard; sourceTree = "<group>"; };
		1D20650629AB398F006D1684 /* Info.plist */ = {isa = PBXFileReference; lastKnownFileType = text.plist.xml; path = Info.plist; sourceTree = "<group>"; };
		1D20650E29AC421F006D1684 /* ImagesListCell.swift */ = {isa = PBXFileReference; lastKnownFileType = sourcecode.swift; path = ImagesListCell.swift; sourceTree = "<group>"; };
		1D20651029B62D79006D1684 /* ProfileViewController.swift */ = {isa = PBXFileReference; lastKnownFileType = sourcecode.swift; path = ProfileViewController.swift; sourceTree = "<group>"; };
		1D8A065129E4DB05007EC0A9 /* UIBlockingProgressHUD.swift */ = {isa = PBXFileReference; lastKnownFileType = sourcecode.swift; path = UIBlockingProgressHUD.swift; sourceTree = "<group>"; };
		1D8A065329E4DFBD007EC0A9 /* ProfileService.swift */ = {isa = PBXFileReference; lastKnownFileType = sourcecode.swift; path = ProfileService.swift; sourceTree = "<group>"; };
		1D8A065529E4E116007EC0A9 /* ProfileResult.swift */ = {isa = PBXFileReference; lastKnownFileType = sourcecode.swift; path = ProfileResult.swift; sourceTree = "<group>"; };
		1D8A065729E4E29A007EC0A9 /* Profile.swift */ = {isa = PBXFileReference; lastKnownFileType = sourcecode.swift; path = Profile.swift; sourceTree = "<group>"; };
		1D8AB2F729C9CDA70041005B /* UIColor + Extensions.swift */ = {isa = PBXFileReference; lastKnownFileType = sourcecode.swift; path = "UIColor + Extensions.swift"; sourceTree = "<group>"; };
		1DA007D329ECED5D0025B41E /* TabBarController.swift */ = {isa = PBXFileReference; lastKnownFileType = sourcecode.swift; path = TabBarController.swift; sourceTree = "<group>"; };
		1DA007D529F72D760025B41E /* ImageListService.swift */ = {isa = PBXFileReference; lastKnownFileType = sourcecode.swift; path = ImageListService.swift; sourceTree = "<group>"; };
		1DA007D729F72E3F0025B41E /* Photo.swift */ = {isa = PBXFileReference; lastKnownFileType = sourcecode.swift; path = Photo.swift; sourceTree = "<group>"; };
		1DA007D929F732F50025B41E /* PhotoResult.swift */ = {isa = PBXFileReference; lastKnownFileType = sourcecode.swift; path = PhotoResult.swift; sourceTree = "<group>"; };
		1DC6166429D94FD60001C257 /* OAuthTokenResponseBody.swift */ = {isa = PBXFileReference; lastKnownFileType = sourcecode.swift; path = OAuthTokenResponseBody.swift; sourceTree = "<group>"; };
		1DC6166729D951740001C257 /* OAuth2Service.swift */ = {isa = PBXFileReference; lastKnownFileType = sourcecode.swift; path = OAuth2Service.swift; sourceTree = "<group>"; };
		1DC6166A29D96F410001C257 /* OAuth2TokenStorage.swift */ = {isa = PBXFileReference; lastKnownFileType = sourcecode.swift; path = OAuth2TokenStorage.swift; sourceTree = "<group>"; };
		1DC6166D29D978BC0001C257 /* SplashViewController.swift */ = {isa = PBXFileReference; lastKnownFileType = sourcecode.swift; path = SplashViewController.swift; sourceTree = "<group>"; };
		1DC6835929D1E00C00146D7E /* AuthConfiguration.swift */ = {isa = PBXFileReference; lastKnownFileType = sourcecode.swift; path = AuthConfiguration.swift; sourceTree = "<group>"; };
		1DC6835B29D264A300146D7E /* AuthViewController.swift */ = {isa = PBXFileReference; lastKnownFileType = sourcecode.swift; path = AuthViewController.swift; sourceTree = "<group>"; };
		1DC6835E29D26ACF00146D7E /* WebViewViewController.swift */ = {isa = PBXFileReference; lastKnownFileType = sourcecode.swift; path = WebViewViewController.swift; sourceTree = "<group>"; };
		1DE331E42A11EDDE002B1E51 /* WebViewPresenter.swift */ = {isa = PBXFileReference; lastKnownFileType = sourcecode.swift; path = WebViewPresenter.swift; sourceTree = "<group>"; };
		1DE331E62A12042E002B1E51 /* AuthHelper.swift */ = {isa = PBXFileReference; lastKnownFileType = sourcecode.swift; path = AuthHelper.swift; sourceTree = "<group>"; };
		1DE331EC2A120B4E002B1E51 /* ImageFeedTests.xctest */ = {isa = PBXFileReference; explicitFileType = wrapper.cfbundle; includeInIndex = 0; path = ImageFeedTests.xctest; sourceTree = BUILT_PRODUCTS_DIR; };
		1DE331EE2A120B4F002B1E51 /* WebViewTests.swift */ = {isa = PBXFileReference; lastKnownFileType = sourcecode.swift; path = WebViewTests.swift; sourceTree = "<group>"; };
		1DF8F0D929BD9A1E008832EF /* SingleImageViewController.swift */ = {isa = PBXFileReference; lastKnownFileType = sourcecode.swift; path = SingleImageViewController.swift; sourceTree = "<group>"; };
/* End PBXFileReference section */

/* Begin PBXFrameworksBuildPhase section */
		1D2064F229AB398E006D1684 /* Frameworks */ = {
			isa = PBXFrameworksBuildPhase;
			buildActionMask = 2147483647;
			files = (
				1D03C90429E7979400578244 /* Kingfisher in Frameworks */,
				1D8A065029E4C44D007EC0A9 /* ProgressHUD in Frameworks */,
				1DA007D129ECDAE80025B41E /* SwiftKeychainWrapper in Frameworks */,
			);
			runOnlyForDeploymentPostprocessing = 0;
		};
		1DE331E92A120B4E002B1E51 /* Frameworks */ = {
			isa = PBXFrameworksBuildPhase;
			buildActionMask = 2147483647;
			files = (
			);
			runOnlyForDeploymentPostprocessing = 0;
		};
/* End PBXFrameworksBuildPhase section */

/* Begin PBXGroup section */
		1D2064EC29AB398E006D1684 = {
			isa = PBXGroup;
			children = (
				1D2064F729AB398E006D1684 /* ImageFeed */,
				1DE331ED2A120B4F002B1E51 /* ImageFeedTests */,
				1D2064F629AB398E006D1684 /* Products */,
			);
			sourceTree = "<group>";
		};
		1D2064F629AB398E006D1684 /* Products */ = {
			isa = PBXGroup;
			children = (
				1D2064F529AB398E006D1684 /* ImageFeed.app */,
				1DE331EC2A120B4E002B1E51 /* ImageFeedTests.xctest */,
			);
			name = Products;
			sourceTree = "<group>";
		};
		1D2064F729AB398E006D1684 /* ImageFeed */ = {
			isa = PBXGroup;
			children = (
				1DA007D229ECED350025B41E /* TabBarController */,
				1DC6166929D96F160001C257 /* Storage */,
				1DC6166C29D978940001C257 /* SplashView */,
				1DC6166629D9511F0001C257 /* Services */,
				1DC6166329D94F990001C257 /* Models */,
				1DC6835D29D2690F00146D7E /* Auth */,
				1D8AB2F629C9CC8E0041005B /* Helpers */,
				1DF8F0DB29BD9F9C008832EF /* SingleImageView */,
				1D20651229BA14BE006D1684 /* Profile */,
				1D20650D29AC36E3006D1684 /* ImageList */,
				1D20650C29AC36C0006D1684 /* Storyboards */,
				1D2064F829AB398E006D1684 /* AppDelegate.swift */,
				1D2064FA29AB398E006D1684 /* SceneDelegate.swift */,
				1D20650129AB398F006D1684 /* Assets.xcassets */,
				1D20650629AB398F006D1684 /* Info.plist */,
				1DC6835929D1E00C00146D7E /* AuthConfiguration.swift */,
				1D8A065129E4DB05007EC0A9 /* UIBlockingProgressHUD.swift */,
			);
			path = ImageFeed;
			sourceTree = "<group>";
		};
		1D20650C29AC36C0006D1684 /* Storyboards */ = {
			isa = PBXGroup;
			children = (
				1D2064FE29AB398E006D1684 /* Main.storyboard */,
				1D20650329AB398F006D1684 /* LaunchScreen.storyboard */,
			);
			path = Storyboards;
			sourceTree = "<group>";
		};
		1D20650D29AC36E3006D1684 /* ImageList */ = {
			isa = PBXGroup;
			children = (
				1D2064FC29AB398E006D1684 /* ImagesListViewController.swift */,
				1D20650E29AC421F006D1684 /* ImagesListCell.swift */,
			);
			path = ImageList;
			sourceTree = "<group>";
		};
		1D20651229BA14BE006D1684 /* Profile */ = {
			isa = PBXGroup;
			children = (
				1D20651029B62D79006D1684 /* ProfileViewController.swift */,
			);
			path = Profile;
			sourceTree = "<group>";
		};
		1D8AB2F629C9CC8E0041005B /* Helpers */ = {
			isa = PBXGroup;
			children = (
				1D8AB2F729C9CDA70041005B /* UIColor + Extensions.swift */,
			);
			path = Helpers;
			sourceTree = "<group>";
		};
		1DA007D229ECED350025B41E /* TabBarController */ = {
			isa = PBXGroup;
			children = (
				1DA007D329ECED5D0025B41E /* TabBarController.swift */,
			);
			path = TabBarController;
			sourceTree = "<group>";
		};
		1DC6166329D94F990001C257 /* Models */ = {
			isa = PBXGroup;
			children = (
				1DC6166429D94FD60001C257 /* OAuthTokenResponseBody.swift */,
				1D8A065529E4E116007EC0A9 /* ProfileResult.swift */,
				1D8A065729E4E29A007EC0A9 /* Profile.swift */,
				1D03C90029E632C100578244 /* UserResult.swift */,
				1DA007D729F72E3F0025B41E /* Photo.swift */,
				1DA007D929F732F50025B41E /* PhotoResult.swift */,
			);
			path = Models;
			sourceTree = "<group>";
		};
		1DC6166629D9511F0001C257 /* Services */ = {
			isa = PBXGroup;
			children = (
				1DC6166729D951740001C257 /* OAuth2Service.swift */,
				1D8A065329E4DFBD007EC0A9 /* ProfileService.swift */,
				1D03C8FE29E6324100578244 /* ProfileImageService.swift */,
				1DA007D529F72D760025B41E /* ImageListService.swift */,
			);
			path = Services;
			sourceTree = "<group>";
		};
		1DC6166929D96F160001C257 /* Storage */ = {
			isa = PBXGroup;
			children = (
				1DC6166A29D96F410001C257 /* OAuth2TokenStorage.swift */,
			);
			path = Storage;
			sourceTree = "<group>";
		};
		1DC6166C29D978940001C257 /* SplashView */ = {
			isa = PBXGroup;
			children = (
				1DC6166D29D978BC0001C257 /* SplashViewController.swift */,
			);
			path = SplashView;
			sourceTree = "<group>";
		};
		1DC6835D29D2690F00146D7E /* Auth */ = {
			isa = PBXGroup;
			children = (
				1DC6835B29D264A300146D7E /* AuthViewController.swift */,
				1DC6835E29D26ACF00146D7E /* WebViewViewController.swift */,
				1DE331E42A11EDDE002B1E51 /* WebViewPresenter.swift */,
				1DE331E62A12042E002B1E51 /* AuthHelper.swift */,
			);
			path = Auth;
			sourceTree = "<group>";
		};
		1DE331ED2A120B4F002B1E51 /* ImageFeedTests */ = {
			isa = PBXGroup;
			children = (
				1DE331EE2A120B4F002B1E51 /* WebViewTests.swift */,
			);
			path = ImageFeedTests;
			sourceTree = "<group>";
		};
		1DF8F0DB29BD9F9C008832EF /* SingleImageView */ = {
			isa = PBXGroup;
			children = (
				1DF8F0D929BD9A1E008832EF /* SingleImageViewController.swift */,
			);
			path = SingleImageView;
			sourceTree = "<group>";
		};
/* End PBXGroup section */

/* Begin PBXNativeTarget section */
		1D2064F429AB398E006D1684 /* ImageFeed */ = {
			isa = PBXNativeTarget;
			buildConfigurationList = 1D20650929AB398F006D1684 /* Build configuration list for PBXNativeTarget "ImageFeed" */;
			buildPhases = (
				1D2064F129AB398E006D1684 /* Sources */,
				1D2064F229AB398E006D1684 /* Frameworks */,
				1D2064F329AB398E006D1684 /* Resources */,
			);
			buildRules = (
			);
			dependencies = (
			);
			name = ImageFeed;
			packageProductDependencies = (
				1D8A064F29E4C44D007EC0A9 /* ProgressHUD */,
				1D03C90329E7979400578244 /* Kingfisher */,
				1DA007D029ECDAE80025B41E /* SwiftKeychainWrapper */,
			);
			productName = ImageFeed;
			productReference = 1D2064F529AB398E006D1684 /* ImageFeed.app */;
			productType = "com.apple.product-type.application";
		};
		1DE331EB2A120B4E002B1E51 /* ImageFeedTests */ = {
			isa = PBXNativeTarget;
			buildConfigurationList = 1DE331F22A120B4F002B1E51 /* Build configuration list for PBXNativeTarget "ImageFeedTests" */;
			buildPhases = (
				1DE331E82A120B4E002B1E51 /* Sources */,
				1DE331E92A120B4E002B1E51 /* Frameworks */,
				1DE331EA2A120B4E002B1E51 /* Resources */,
			);
			buildRules = (
			);
			dependencies = (
				1DE331F12A120B4F002B1E51 /* PBXTargetDependency */,
			);
			name = ImageFeedTests;
			productName = ImageFeedTests;
			productReference = 1DE331EC2A120B4E002B1E51 /* ImageFeedTests.xctest */;
			productType = "com.apple.product-type.bundle.unit-test";
		};
/* End PBXNativeTarget section */

/* Begin PBXProject section */
		1D2064ED29AB398E006D1684 /* Project object */ = {
			isa = PBXProject;
			attributes = {
				BuildIndependentTargetsInParallel = 1;
				LastSwiftUpdateCheck = 1430;
				LastUpgradeCheck = 1420;
				TargetAttributes = {
					1D2064F429AB398E006D1684 = {
						CreatedOnToolsVersion = 14.2;
					};
					1DE331EB2A120B4E002B1E51 = {
						CreatedOnToolsVersion = 14.3;
						TestTargetID = 1D2064F429AB398E006D1684;
					};
				};
			};
			buildConfigurationList = 1D2064F029AB398E006D1684 /* Build configuration list for PBXProject "ImageFeed" */;
			compatibilityVersion = "Xcode 14.0";
			developmentRegion = en;
			hasScannedForEncodings = 0;
			knownRegions = (
				en,
				Base,
			);
			mainGroup = 1D2064EC29AB398E006D1684;
			packageReferences = (
				1D8A064E29E4C44D007EC0A9 /* XCRemoteSwiftPackageReference "ProgressHUD" */,
				1D03C90229E7979400578244 /* XCRemoteSwiftPackageReference "Kingfisher" */,
				1DA007CF29ECDAE80025B41E /* XCRemoteSwiftPackageReference "SwiftKeychainWrapper" */,
			);
			productRefGroup = 1D2064F629AB398E006D1684 /* Products */;
			projectDirPath = "";
			projectRoot = "";
			targets = (
				1D2064F429AB398E006D1684 /* ImageFeed */,
				1DE331EB2A120B4E002B1E51 /* ImageFeedTests */,
			);
		};
/* End PBXProject section */

/* Begin PBXResourcesBuildPhase section */
		1D2064F329AB398E006D1684 /* Resources */ = {
			isa = PBXResourcesBuildPhase;
			buildActionMask = 2147483647;
			files = (
				1D20650529AB398F006D1684 /* LaunchScreen.storyboard in Resources */,
				1D20650229AB398F006D1684 /* Assets.xcassets in Resources */,
				1D20650029AB398E006D1684 /* Main.storyboard in Resources */,
			);
			runOnlyForDeploymentPostprocessing = 0;
		};
		1DE331EA2A120B4E002B1E51 /* Resources */ = {
			isa = PBXResourcesBuildPhase;
			buildActionMask = 2147483647;
			files = (
			);
			runOnlyForDeploymentPostprocessing = 0;
		};
/* End PBXResourcesBuildPhase section */

/* Begin PBXSourcesBuildPhase section */
		1D2064F129AB398E006D1684 /* Sources */ = {
			isa = PBXSourcesBuildPhase;
			buildActionMask = 2147483647;
			files = (
				1DC6835F29D26ACF00146D7E /* WebViewViewController.swift in Sources */,
				1D8A065429E4DFBD007EC0A9 /* ProfileService.swift in Sources */,
				1D2064FD29AB398E006D1684 /* ImagesListViewController.swift in Sources */,
				1DC6166829D951740001C257 /* OAuth2Service.swift in Sources */,
				1DC6166529D94FD60001C257 /* OAuthTokenResponseBody.swift in Sources */,
				1D20650F29AC421F006D1684 /* ImagesListCell.swift in Sources */,
				1DA007D829F72E3F0025B41E /* Photo.swift in Sources */,
				1D20651129B62D79006D1684 /* ProfileViewController.swift in Sources */,
				1D8A065829E4E29A007EC0A9 /* Profile.swift in Sources */,
				1DC6166B29D96F410001C257 /* OAuth2TokenStorage.swift in Sources */,
				1DA007D629F72D760025B41E /* ImageListService.swift in Sources */,
				1DE331E72A12042E002B1E51 /* AuthHelper.swift in Sources */,
				1D8A065629E4E116007EC0A9 /* ProfileResult.swift in Sources */,
				1D8AB2F829C9CDA70041005B /* UIColor + Extensions.swift in Sources */,
				1D03C8FF29E6324100578244 /* ProfileImageService.swift in Sources */,
				1D8A065229E4DB05007EC0A9 /* UIBlockingProgressHUD.swift in Sources */,
				1D03C90129E632C100578244 /* UserResult.swift in Sources */,
				1D2064F929AB398E006D1684 /* AppDelegate.swift in Sources */,
				1DC6166E29D978BC0001C257 /* SplashViewController.swift in Sources */,
				1DF8F0DA29BD9A1E008832EF /* SingleImageViewController.swift in Sources */,
				1D2064FB29AB398E006D1684 /* SceneDelegate.swift in Sources */,
				1DE331E52A11EDDE002B1E51 /* WebViewPresenter.swift in Sources */,
				1DA007D429ECED5D0025B41E /* TabBarController.swift in Sources */,
				1DA007DA29F732F50025B41E /* PhotoResult.swift in Sources */,
				1DC6835C29D264A300146D7E /* AuthViewController.swift in Sources */,
				1DC6835A29D1E00C00146D7E /* AuthConfiguration.swift in Sources */,
			);
			runOnlyForDeploymentPostprocessing = 0;
		};
		1DE331E82A120B4E002B1E51 /* Sources */ = {
			isa = PBXSourcesBuildPhase;
			buildActionMask = 2147483647;
			files = (
				1DE331EF2A120B4F002B1E51 /* WebViewTests.swift in Sources */,
			);
			runOnlyForDeploymentPostprocessing = 0;
		};
/* End PBXSourcesBuildPhase section */

/* Begin PBXTargetDependency section */
		1DE331F12A120B4F002B1E51 /* PBXTargetDependency */ = {
			isa = PBXTargetDependency;
			target = 1D2064F429AB398E006D1684 /* ImageFeed */;
			targetProxy = 1DE331F02A120B4F002B1E51 /* PBXContainerItemProxy */;
		};
/* End PBXTargetDependency section */

/* Begin PBXVariantGroup section */
		1D2064FE29AB398E006D1684 /* Main.storyboard */ = {
			isa = PBXVariantGroup;
			children = (
				1D2064FF29AB398E006D1684 /* Base */,
			);
			name = Main.storyboard;
			sourceTree = "<group>";
		};
		1D20650329AB398F006D1684 /* LaunchScreen.storyboard */ = {
			isa = PBXVariantGroup;
			children = (
				1D20650429AB398F006D1684 /* Base */,
			);
			name = LaunchScreen.storyboard;
			sourceTree = "<group>";
		};
/* End PBXVariantGroup section */

/* Begin XCBuildConfiguration section */
		1D20650729AB398F006D1684 /* Debug */ = {
			isa = XCBuildConfiguration;
			buildSettings = {
				ALWAYS_SEARCH_USER_PATHS = NO;
				CLANG_ANALYZER_NONNULL = YES;
				CLANG_ANALYZER_NUMBER_OBJECT_CONVERSION = YES_AGGRESSIVE;
				CLANG_CXX_LANGUAGE_STANDARD = "gnu++20";
				CLANG_ENABLE_MODULES = YES;
				CLANG_ENABLE_OBJC_ARC = YES;
				CLANG_ENABLE_OBJC_WEAK = YES;
				CLANG_WARN_BLOCK_CAPTURE_AUTORELEASING = YES;
				CLANG_WARN_BOOL_CONVERSION = YES;
				CLANG_WARN_COMMA = YES;
				CLANG_WARN_CONSTANT_CONVERSION = YES;
				CLANG_WARN_DEPRECATED_OBJC_IMPLEMENTATIONS = YES;
				CLANG_WARN_DIRECT_OBJC_ISA_USAGE = YES_ERROR;
				CLANG_WARN_DOCUMENTATION_COMMENTS = YES;
				CLANG_WARN_EMPTY_BODY = YES;
				CLANG_WARN_ENUM_CONVERSION = YES;
				CLANG_WARN_INFINITE_RECURSION = YES;
				CLANG_WARN_INT_CONVERSION = YES;
				CLANG_WARN_NON_LITERAL_NULL_CONVERSION = YES;
				CLANG_WARN_OBJC_IMPLICIT_RETAIN_SELF = YES;
				CLANG_WARN_OBJC_LITERAL_CONVERSION = YES;
				CLANG_WARN_OBJC_ROOT_CLASS = YES_ERROR;
				CLANG_WARN_QUOTED_INCLUDE_IN_FRAMEWORK_HEADER = YES;
				CLANG_WARN_RANGE_LOOP_ANALYSIS = YES;
				CLANG_WARN_STRICT_PROTOTYPES = YES;
				CLANG_WARN_SUSPICIOUS_MOVE = YES;
				CLANG_WARN_UNGUARDED_AVAILABILITY = YES_AGGRESSIVE;
				CLANG_WARN_UNREACHABLE_CODE = YES;
				CLANG_WARN__DUPLICATE_METHOD_MATCH = YES;
				COPY_PHASE_STRIP = NO;
				DEBUG_INFORMATION_FORMAT = dwarf;
				ENABLE_STRICT_OBJC_MSGSEND = YES;
				ENABLE_TESTABILITY = YES;
				GCC_C_LANGUAGE_STANDARD = gnu11;
				GCC_DYNAMIC_NO_PIC = NO;
				GCC_NO_COMMON_BLOCKS = YES;
				GCC_OPTIMIZATION_LEVEL = 0;
				GCC_PREPROCESSOR_DEFINITIONS = (
					"DEBUG=1",
					"$(inherited)",
				);
				GCC_WARN_64_TO_32_BIT_CONVERSION = YES;
				GCC_WARN_ABOUT_RETURN_TYPE = YES_ERROR;
				GCC_WARN_UNDECLARED_SELECTOR = YES;
				GCC_WARN_UNINITIALIZED_AUTOS = YES_AGGRESSIVE;
				GCC_WARN_UNUSED_FUNCTION = YES;
				GCC_WARN_UNUSED_VARIABLE = YES;
				IPHONEOS_DEPLOYMENT_TARGET = 13.0;
				MTL_ENABLE_DEBUG_INFO = INCLUDE_SOURCE;
				MTL_FAST_MATH = YES;
				ONLY_ACTIVE_ARCH = YES;
				SDKROOT = iphoneos;
				SWIFT_ACTIVE_COMPILATION_CONDITIONS = DEBUG;
				SWIFT_OPTIMIZATION_LEVEL = "-Onone";
			};
			name = Debug;
		};
		1D20650829AB398F006D1684 /* Release */ = {
			isa = XCBuildConfiguration;
			buildSettings = {
				ALWAYS_SEARCH_USER_PATHS = NO;
				CLANG_ANALYZER_NONNULL = YES;
				CLANG_ANALYZER_NUMBER_OBJECT_CONVERSION = YES_AGGRESSIVE;
				CLANG_CXX_LANGUAGE_STANDARD = "gnu++20";
				CLANG_ENABLE_MODULES = YES;
				CLANG_ENABLE_OBJC_ARC = YES;
				CLANG_ENABLE_OBJC_WEAK = YES;
				CLANG_WARN_BLOCK_CAPTURE_AUTORELEASING = YES;
				CLANG_WARN_BOOL_CONVERSION = YES;
				CLANG_WARN_COMMA = YES;
				CLANG_WARN_CONSTANT_CONVERSION = YES;
				CLANG_WARN_DEPRECATED_OBJC_IMPLEMENTATIONS = YES;
				CLANG_WARN_DIRECT_OBJC_ISA_USAGE = YES_ERROR;
				CLANG_WARN_DOCUMENTATION_COMMENTS = YES;
				CLANG_WARN_EMPTY_BODY = YES;
				CLANG_WARN_ENUM_CONVERSION = YES;
				CLANG_WARN_INFINITE_RECURSION = YES;
				CLANG_WARN_INT_CONVERSION = YES;
				CLANG_WARN_NON_LITERAL_NULL_CONVERSION = YES;
				CLANG_WARN_OBJC_IMPLICIT_RETAIN_SELF = YES;
				CLANG_WARN_OBJC_LITERAL_CONVERSION = YES;
				CLANG_WARN_OBJC_ROOT_CLASS = YES_ERROR;
				CLANG_WARN_QUOTED_INCLUDE_IN_FRAMEWORK_HEADER = YES;
				CLANG_WARN_RANGE_LOOP_ANALYSIS = YES;
				CLANG_WARN_STRICT_PROTOTYPES = YES;
				CLANG_WARN_SUSPICIOUS_MOVE = YES;
				CLANG_WARN_UNGUARDED_AVAILABILITY = YES_AGGRESSIVE;
				CLANG_WARN_UNREACHABLE_CODE = YES;
				CLANG_WARN__DUPLICATE_METHOD_MATCH = YES;
				COPY_PHASE_STRIP = NO;
				DEBUG_INFORMATION_FORMAT = "dwarf-with-dsym";
				ENABLE_NS_ASSERTIONS = NO;
				ENABLE_STRICT_OBJC_MSGSEND = YES;
				GCC_C_LANGUAGE_STANDARD = gnu11;
				GCC_NO_COMMON_BLOCKS = YES;
				GCC_WARN_64_TO_32_BIT_CONVERSION = YES;
				GCC_WARN_ABOUT_RETURN_TYPE = YES_ERROR;
				GCC_WARN_UNDECLARED_SELECTOR = YES;
				GCC_WARN_UNINITIALIZED_AUTOS = YES_AGGRESSIVE;
				GCC_WARN_UNUSED_FUNCTION = YES;
				GCC_WARN_UNUSED_VARIABLE = YES;
				IPHONEOS_DEPLOYMENT_TARGET = 13.0;
				MTL_ENABLE_DEBUG_INFO = NO;
				MTL_FAST_MATH = YES;
				SDKROOT = iphoneos;
				SWIFT_COMPILATION_MODE = wholemodule;
				SWIFT_OPTIMIZATION_LEVEL = "-O";
				VALIDATE_PRODUCT = YES;
			};
			name = Release;
		};
		1D20650A29AB398F006D1684 /* Debug */ = {
			isa = XCBuildConfiguration;
			buildSettings = {
				ASSETCATALOG_COMPILER_APPICON_NAME = AppIcon;
				ASSETCATALOG_COMPILER_GLOBAL_ACCENT_COLOR_NAME = AccentColor;
				CODE_SIGN_STYLE = Automatic;
				CURRENT_PROJECT_VERSION = 1;
				DEVELOPMENT_TEAM = 2T9W2TZKKW;
				GENERATE_INFOPLIST_FILE = YES;
				INFOPLIST_FILE = ImageFeed/Info.plist;
				INFOPLIST_KEY_UIApplicationSupportsIndirectInputEvents = YES;
				INFOPLIST_KEY_UILaunchStoryboardName = LaunchScreen;
				INFOPLIST_KEY_UIMainStoryboardFile = Main;
				INFOPLIST_KEY_UISupportedInterfaceOrientations = UIInterfaceOrientationPortrait;
				IPHONEOS_DEPLOYMENT_TARGET = 13.0;
				LD_RUNPATH_SEARCH_PATHS = (
					"$(inherited)",
					"@executable_path/Frameworks",
				);
				MARKETING_VERSION = 1.0;
				PRODUCT_BUNDLE_IDENTIFIER = ru.AndreyOvchinnikovDev.ImageFeed;
				PRODUCT_NAME = "$(TARGET_NAME)";
				SWIFT_EMIT_LOC_STRINGS = YES;
				SWIFT_VERSION = 5.0;
				TARGETED_DEVICE_FAMILY = 1;
			};
			name = Debug;
		};
		1D20650B29AB398F006D1684 /* Release */ = {
			isa = XCBuildConfiguration;
			buildSettings = {
				ASSETCATALOG_COMPILER_APPICON_NAME = AppIcon;
				ASSETCATALOG_COMPILER_GLOBAL_ACCENT_COLOR_NAME = AccentColor;
				CODE_SIGN_STYLE = Automatic;
				CURRENT_PROJECT_VERSION = 1;
				DEVELOPMENT_TEAM = 2T9W2TZKKW;
				GENERATE_INFOPLIST_FILE = YES;
				INFOPLIST_FILE = ImageFeed/Info.plist;
				INFOPLIST_KEY_UIApplicationSupportsIndirectInputEvents = YES;
				INFOPLIST_KEY_UILaunchStoryboardName = LaunchScreen;
				INFOPLIST_KEY_UIMainStoryboardFile = Main;
				INFOPLIST_KEY_UISupportedInterfaceOrientations = UIInterfaceOrientationPortrait;
				IPHONEOS_DEPLOYMENT_TARGET = 13.0;
				LD_RUNPATH_SEARCH_PATHS = (
					"$(inherited)",
					"@executable_path/Frameworks",
				);
				MARKETING_VERSION = 1.0;
				PRODUCT_BUNDLE_IDENTIFIER = ru.AndreyOvchinnikovDev.ImageFeed;
				PRODUCT_NAME = "$(TARGET_NAME)";
				SWIFT_EMIT_LOC_STRINGS = YES;
				SWIFT_VERSION = 5.0;
				TARGETED_DEVICE_FAMILY = 1;
			};
			name = Release;
		};
		1DE331F32A120B4F002B1E51 /* Debug */ = {
			isa = XCBuildConfiguration;
			buildSettings = {
				BUNDLE_LOADER = "$(TEST_HOST)";
				CODE_SIGN_STYLE = Automatic;
				CURRENT_PROJECT_VERSION = 1;
				DEVELOPMENT_TEAM = 2T9W2TZKKW;
				GENERATE_INFOPLIST_FILE = YES;
				IPHONEOS_DEPLOYMENT_TARGET = 16.4;
				MARKETING_VERSION = 1.0;
				PRODUCT_BUNDLE_IDENTIFIER = ru.AndreyOvchinnikovDev.ImageFeedTests;
				PRODUCT_NAME = "$(TARGET_NAME)";
				SWIFT_EMIT_LOC_STRINGS = NO;
				SWIFT_VERSION = 5.0;
				TARGETED_DEVICE_FAMILY = "1,2";
				TEST_HOST = "$(BUILT_PRODUCTS_DIR)/ImageFeed.app/$(BUNDLE_EXECUTABLE_FOLDER_PATH)/ImageFeed";
			};
			name = Debug;
		};
		1DE331F42A120B4F002B1E51 /* Release */ = {
			isa = XCBuildConfiguration;
			buildSettings = {
				BUNDLE_LOADER = "$(TEST_HOST)";
				CODE_SIGN_STYLE = Automatic;
				CURRENT_PROJECT_VERSION = 1;
				DEVELOPMENT_TEAM = 2T9W2TZKKW;
				GENERATE_INFOPLIST_FILE = YES;
				IPHONEOS_DEPLOYMENT_TARGET = 16.4;
				MARKETING_VERSION = 1.0;
				PRODUCT_BUNDLE_IDENTIFIER = ru.AndreyOvchinnikovDev.ImageFeedTests;
				PRODUCT_NAME = "$(TARGET_NAME)";
				SWIFT_EMIT_LOC_STRINGS = NO;
				SWIFT_VERSION = 5.0;
				TARGETED_DEVICE_FAMILY = "1,2";
				TEST_HOST = "$(BUILT_PRODUCTS_DIR)/ImageFeed.app/$(BUNDLE_EXECUTABLE_FOLDER_PATH)/ImageFeed";
			};
			name = Release;
		};
/* End XCBuildConfiguration section */

/* Begin XCConfigurationList section */
		1D2064F029AB398E006D1684 /* Build configuration list for PBXProject "ImageFeed" */ = {
			isa = XCConfigurationList;
			buildConfigurations = (
				1D20650729AB398F006D1684 /* Debug */,
				1D20650829AB398F006D1684 /* Release */,
			);
			defaultConfigurationIsVisible = 0;
			defaultConfigurationName = Release;
		};
		1D20650929AB398F006D1684 /* Build configuration list for PBXNativeTarget "ImageFeed" */ = {
			isa = XCConfigurationList;
			buildConfigurations = (
				1D20650A29AB398F006D1684 /* Debug */,
				1D20650B29AB398F006D1684 /* Release */,
			);
			defaultConfigurationIsVisible = 0;
			defaultConfigurationName = Release;
		};
		1DE331F22A120B4F002B1E51 /* Build configuration list for PBXNativeTarget "ImageFeedTests" */ = {
			isa = XCConfigurationList;
			buildConfigurations = (
				1DE331F32A120B4F002B1E51 /* Debug */,
				1DE331F42A120B4F002B1E51 /* Release */,
			);
			defaultConfigurationIsVisible = 0;
			defaultConfigurationName = Release;
		};
/* End XCConfigurationList section */

/* Begin XCRemoteSwiftPackageReference section */
		1D03C90229E7979400578244 /* XCRemoteSwiftPackageReference "Kingfisher" */ = {
			isa = XCRemoteSwiftPackageReference;
			repositoryURL = "https://github.com/onevcat/Kingfisher.git";
			requirement = {
				kind = upToNextMajorVersion;
				minimumVersion = 7.0.0;
			};
		};
		1D8A064E29E4C44D007EC0A9 /* XCRemoteSwiftPackageReference "ProgressHUD" */ = {
			isa = XCRemoteSwiftPackageReference;
			repositoryURL = "https://github.com/relatedcode/ProgressHUD";
			requirement = {
				kind = upToNextMajorVersion;
				minimumVersion = 13.0.0;
			};
		};
		1DA007CF29ECDAE80025B41E /* XCRemoteSwiftPackageReference "SwiftKeychainWrapper" */ = {
			isa = XCRemoteSwiftPackageReference;
			repositoryURL = "https://github.com/jrendel/SwiftKeychainWrapper";
			requirement = {
				kind = upToNextMajorVersion;
				minimumVersion = 4.0.0;
			};
		};
/* End XCRemoteSwiftPackageReference section */

/* Begin XCSwiftPackageProductDependency section */
		1D03C90329E7979400578244 /* Kingfisher */ = {
			isa = XCSwiftPackageProductDependency;
			package = 1D03C90229E7979400578244 /* XCRemoteSwiftPackageReference "Kingfisher" */;
			productName = Kingfisher;
		};
		1D8A064F29E4C44D007EC0A9 /* ProgressHUD */ = {
			isa = XCSwiftPackageProductDependency;
			package = 1D8A064E29E4C44D007EC0A9 /* XCRemoteSwiftPackageReference "ProgressHUD" */;
			productName = ProgressHUD;
		};
		1DA007D029ECDAE80025B41E /* SwiftKeychainWrapper */ = {
			isa = XCSwiftPackageProductDependency;
			package = 1DA007CF29ECDAE80025B41E /* XCRemoteSwiftPackageReference "SwiftKeychainWrapper" */;
			productName = SwiftKeychainWrapper;
		};
/* End XCSwiftPackageProductDependency section */
	};
	rootObject = 1D2064ED29AB398E006D1684 /* Project object */;
}
